
Microsoft Visual Studio Solution File, Format Version 12.00
# Visual Studio Version 17
VisualStudioVersion = 17.9.34407.89
MinimumVisualStudioVersion = 10.0.40219.1
Project("{FAE04EC0-301F-11D3-BF4B-00C04F79EFBC}") = "ProjectHub.App", "ProjectHub.App\ProjectHub.App.csproj", "{0C6C2654-7669-4C8B-9BFA-AD5BC93CA0FB}"
EndProject
Project("{FAE04EC0-301F-11D3-BF4B-00C04F79EFBC}") = "ProjectHub.Services", "ProjectHub.Services\ProjectHub.Services.csproj", "{0E036012-9B26-4213-9AE2-27BD4A37CC00}"
EndProject
Project("{FAE04EC0-301F-11D3-BF4B-00C04F79EFBC}") = "ProjectHub.Domain", "ProjectHub.Domain\ProjectHub.Domain.csproj", "{BCFDCA7B-95FE-49EA-A46C-55066514544F}"
EndProject
Project("{FAE04EC0-301F-11D3-BF4B-00C04F79EFBC}") = "ProjectHub.Presentation", "ProjectHub.Presentation\ProjectHub.Presentation.csproj", "{A547308B-DECB-4872-8105-82C29D30F41E}"
EndProject
Project("{FAE04EC0-301F-11D3-BF4B-00C04F79EFBC}") = "ProjectHub.Infrastructure", "ProjectHub.Infrastructure\ProjectHub.Infrastructure.csproj", "{85FC43F8-4691-4B91-9EC8-0D570CE20FB0}"
EndProject
Global
	GlobalSection(SolutionConfigurationPlatforms) = preSolution
		Debug|Any CPU = Debug|Any CPU
		Release|Any CPU = Release|Any CPU
	EndGlobalSection
	GlobalSection(ProjectConfigurationPlatforms) = postSolution
		{0C6C2654-7669-4C8B-9BFA-AD5BC93CA0FB}.Debug|Any CPU.ActiveCfg = Debug|Any CPU
		{0C6C2654-7669-4C8B-9BFA-AD5BC93CA0FB}.Debug|Any CPU.Build.0 = Debug|Any CPU
		{0C6C2654-7669-4C8B-9BFA-AD5BC93CA0FB}.Debug|Any CPU.Deploy.0 = Debug|Any CPU
		{0C6C2654-7669-4C8B-9BFA-AD5BC93CA0FB}.Release|Any CPU.ActiveCfg = Release|Any CPU
		{0C6C2654-7669-4C8B-9BFA-AD5BC93CA0FB}.Release|Any CPU.Build.0 = Release|Any CPU
		{0C6C2654-7669-4C8B-9BFA-AD5BC93CA0FB}.Release|Any CPU.Deploy.0 = Release|Any CPU
		{0E036012-9B26-4213-9AE2-27BD4A37CC00}.Debug|Any CPU.ActiveCfg = Debug|Any CPU
		{0E036012-9B26-4213-9AE2-27BD4A37CC00}.Debug|Any CPU.Build.0 = Debug|Any CPU
		{0E036012-9B26-4213-9AE2-27BD4A37CC00}.Release|Any CPU.ActiveCfg = Release|Any CPU
		{0E036012-9B26-4213-9AE2-27BD4A37CC00}.Release|Any CPU.Build.0 = Release|Any CPU
		{BCFDCA7B-95FE-49EA-A46C-55066514544F}.Debug|Any CPU.ActiveCfg = Debug|Any CPU
		{BCFDCA7B-95FE-49EA-A46C-55066514544F}.Debug|Any CPU.Build.0 = Debug|Any CPU
		{BCFDCA7B-95FE-49EA-A46C-55066514544F}.Release|Any CPU.ActiveCfg = Release|Any CPU
		{BCFDCA7B-95FE-49EA-A46C-55066514544F}.Release|Any CPU.Build.0 = Release|Any CPU
		{A547308B-DECB-4872-8105-82C29D30F41E}.Debug|Any CPU.ActiveCfg = Debug|Any CPU
		{A547308B-DECB-4872-8105-82C29D30F41E}.Debug|Any CPU.Build.0 = Debug|Any CPU
		{A547308B-DECB-4872-8105-82C29D30F41E}.Release|Any CPU.ActiveCfg = Release|Any CPU
		{A547308B-DECB-4872-8105-82C29D30F41E}.Release|Any CPU.Build.0 = Release|Any CPU
		{85FC43F8-4691-4B91-9EC8-0D570CE20FB0}.Debug|Any CPU.ActiveCfg = Debug|Any CPU
		{85FC43F8-4691-4B91-9EC8-0D570CE20FB0}.Debug|Any CPU.Build.0 = Debug|Any CPU
		{85FC43F8-4691-4B91-9EC8-0D570CE20FB0}.Release|Any CPU.ActiveCfg = Release|Any CPU
		{85FC43F8-4691-4B91-9EC8-0D570CE20FB0}.Release|Any CPU.Build.0 = Release|Any CPU
	EndGlobalSection
	GlobalSection(SolutionProperties) = preSolution
		HideSolutionNode = FALSE
	EndGlobalSection
	GlobalSection(ExtensibilityGlobals) = postSolution
		SolutionGuid = {216ABC0F-91AF-48F1-981D-05311E0C1E01}
	EndGlobalSection
EndGlobal
